
Microsoft Visual Studio Solution File, Format Version 12.00
# Visual Studio Version 16
VisualStudioVersion = 16.0.31112.23
MinimumVisualStudioVersion = 10.0.40219.1
Project("{FAE04EC0-301F-11D3-BF4B-00C04F79EFBC}") = "CleanArch.Domain", "CleanArch.Domain\CleanArch.Domain.csproj", "{CC3FE726-3004-468F-90D7-DBF147CBB404}"
EndProject
Project("{FAE04EC0-301F-11D3-BF4B-00C04F79EFBC}") = "CleanArch.Application", "CleanArch.Application\CleanArch.Application.csproj", "{E0DA7863-44CA-4F77-AAE8-35EE05DF3094}"
EndProject
Project("{FAE04EC0-301F-11D3-BF4B-00C04F79EFBC}") = "CleanArch.Infra.Data", "CleanArch.Infra.Data\CleanArch.Infra.Data.csproj", "{147EE6FF-06FC-45C5-892B-AC9F55771AE7}"
EndProject
Project("{FAE04EC0-301F-11D3-BF4B-00C04F79EFBC}") = "CleanArch.Infra.IoC", "CleanArch.Infra.IoC\CleanArch.Infra.IoC.csproj", "{D512E5A8-E104-4E42-B5EC-2D0C20CC1952}"
EndProject
Project("{FAE04EC0-301F-11D3-BF4B-00C04F79EFBC}") = "CleanArch.WebUI", "CleanArch.WebUI\CleanArch.WebUI.csproj", "{F398E3C9-6DFB-4E38-95C3-945A069250F4}"
EndProject
Global
	GlobalSection(SolutionConfigurationPlatforms) = preSolution
		Debug|Any CPU = Debug|Any CPU
		Release|Any CPU = Release|Any CPU
	EndGlobalSection
	GlobalSection(ProjectConfigurationPlatforms) = postSolution
		{CC3FE726-3004-468F-90D7-DBF147CBB404}.Debug|Any CPU.ActiveCfg = Debug|Any CPU
		{CC3FE726-3004-468F-90D7-DBF147CBB404}.Debug|Any CPU.Build.0 = Debug|Any CPU
		{CC3FE726-3004-468F-90D7-DBF147CBB404}.Release|Any CPU.ActiveCfg = Release|Any CPU
		{CC3FE726-3004-468F-90D7-DBF147CBB404}.Release|Any CPU.Build.0 = Release|Any CPU
		{E0DA7863-44CA-4F77-AAE8-35EE05DF3094}.Debug|Any CPU.ActiveCfg = Debug|Any CPU
		{E0DA7863-44CA-4F77-AAE8-35EE05DF3094}.Debug|Any CPU.Build.0 = Debug|Any CPU
		{E0DA7863-44CA-4F77-AAE8-35EE05DF3094}.Release|Any CPU.ActiveCfg = Release|Any CPU
		{E0DA7863-44CA-4F77-AAE8-35EE05DF3094}.Release|Any CPU.Build.0 = Release|Any CPU
		{147EE6FF-06FC-45C5-892B-AC9F55771AE7}.Debug|Any CPU.ActiveCfg = Debug|Any CPU
		{147EE6FF-06FC-45C5-892B-AC9F55771AE7}.Debug|Any CPU.Build.0 = Debug|Any CPU
		{147EE6FF-06FC-45C5-892B-AC9F55771AE7}.Release|Any CPU.ActiveCfg = Release|Any CPU
		{147EE6FF-06FC-45C5-892B-AC9F55771AE7}.Release|Any CPU.Build.0 = Release|Any CPU
		{D512E5A8-E104-4E42-B5EC-2D0C20CC1952}.Debug|Any CPU.ActiveCfg = Debug|Any CPU
		{D512E5A8-E104-4E42-B5EC-2D0C20CC1952}.Debug|Any CPU.Build.0 = Debug|Any CPU
		{D512E5A8-E104-4E42-B5EC-2D0C20CC1952}.Release|Any CPU.ActiveCfg = Release|Any CPU
		{D512E5A8-E104-4E42-B5EC-2D0C20CC1952}.Release|Any CPU.Build.0 = Release|Any CPU
		{F398E3C9-6DFB-4E38-95C3-945A069250F4}.Debug|Any CPU.ActiveCfg = Debug|Any CPU
		{F398E3C9-6DFB-4E38-95C3-945A069250F4}.Debug|Any CPU.Build.0 = Debug|Any CPU
		{F398E3C9-6DFB-4E38-95C3-945A069250F4}.Release|Any CPU.ActiveCfg = Release|Any CPU
		{F398E3C9-6DFB-4E38-95C3-945A069250F4}.Release|Any CPU.Build.0 = Release|Any CPU
	EndGlobalSection
	GlobalSection(SolutionProperties) = preSolution
		HideSolutionNode = FALSE
	EndGlobalSection
	GlobalSection(ExtensibilityGlobals) = postSolution
		SolutionGuid = {7E48D775-B128-4726-B1C7-15F3A2FE7937}
	EndGlobalSection
EndGlobal
